#MicroXplorer Configuration settings - do not modify
Dma.I2C1_RX.0.Channel=DMA_CHANNEL_1
Dma.I2C1_RX.0.Direction=DMA_PERIPH_TO_MEMORY
Dma.I2C1_RX.0.FIFOMode=DMA_FIFOMODE_ENABLE
Dma.I2C1_RX.0.FIFOThreshold=DMA_FIFO_THRESHOLD_HALFFULL
Dma.I2C1_RX.0.Instance=DMA1_Stream5
Dma.I2C1_RX.0.MemBurst=DMA_MBURST_INC4
Dma.I2C1_RX.0.MemDataAlignment=DMA_MDATAALIGN_BYTE
Dma.I2C1_RX.0.MemInc=DMA_MINC_ENABLE
Dma.I2C1_RX.0.Mode=DMA_NORMAL
Dma.I2C1_RX.0.PeriphBurst=DMA_PBURST_SINGLE
Dma.I2C1_RX.0.PeriphDataAlignment=DMA_PDATAALIGN_BYTE
Dma.I2C1_RX.0.PeriphInc=DMA_PINC_DISABLE
Dma.I2C1_RX.0.Priority=DMA_PRIORITY_LOW
Dma.I2C1_RX.0.RequestParameters=Instance,Channel,Direction,PeriphInc,MemInc,PeriphDataAlignment,MemDataAlignment,Mode,Priority,FIFOMode,FIFOThreshold,MemBurst,PeriphBurst
Dma.I2C1_TX.1.Channel=DMA_CHANNEL_1
Dma.I2C1_TX.1.Direction=DMA_MEMORY_TO_PERIPH
Dma.I2C1_TX.1.FIFOMode=DMA_FIFOMODE_ENABLE
Dma.I2C1_TX.1.FIFOThreshold=DMA_FIFO_THRESHOLD_HALFFULL
Dma.I2C1_TX.1.Instance=DMA1_Stream6
Dma.I2C1_TX.1.MemBurst=DMA_MBURST_INC4
Dma.I2C1_TX.1.MemDataAlignment=DMA_MDATAALIGN_BYTE
Dma.I2C1_TX.1.MemInc=DMA_MINC_ENABLE
Dma.I2C1_TX.1.Mode=DMA_NORMAL
Dma.I2C1_TX.1.PeriphBurst=DMA_PBURST_SINGLE
Dma.I2C1_TX.1.PeriphDataAlignment=DMA_PDATAALIGN_BYTE
Dma.I2C1_TX.1.PeriphInc=DMA_PINC_DISABLE
Dma.I2C1_TX.1.Priority=DMA_PRIORITY_LOW
Dma.I2C1_TX.1.RequestParameters=Instance,Channel,Direction,PeriphInc,MemInc,PeriphDataAlignment,MemDataAlignment,Mode,Priority,FIFOMode,FIFOThreshold,MemBurst,PeriphBurst
Dma.Request0=I2C1_RX
Dma.Request1=I2C1_TX
Dma.RequestsNb=2
File.Version=5
I2C1.AddressingMode=I2C_ADDRESSINGMODE_7BIT
I2C1.ClockSpeed=400000
I2C1.I2C_Mode=I2C_Fast
I2C1.IPParameters=ClockSpeed,AddressingMode,NoStretchMode,I2C_Mode
I2C1.NoStretchMode=I2C_NOSTRETCH_ENABLED
KeepUserPlacement=false
Mcu.Family=STM32F4
Mcu.IP0=DMA
Mcu.IP1=I2C1
Mcu.IP2=NVIC
Mcu.IP3=RCC
Mcu.IP4=WWDG
Mcu.IPNb=5
Mcu.Name=STM32F429Z(E-G-I)Tx
Mcu.Package=LQFP144
Mcu.Pin0=PB6
Mcu.Pin1=PB9
Mcu.Pin2=VP_WWDG_VS_WWDG
Mcu.PinsNb=3
Mcu.UserConstants=
Mcu.UserName=STM32F429ZITx
MxCube.Version=4.11.0
MxDb.Version=DB.4.0.110
NVIC.DMA1_Stream5_IRQn=true\:0\:0\:false
NVIC.DMA1_Stream6_IRQn=true\:0\:0\:false
NVIC.PriorityGroup=NVIC_PRIORITYGROUP_0
NVIC.SysTick_IRQn=true\:0\:0\:false
PB6.GPIOParameters=GPIO_Speed,GPIO_PuPd,GPIO_Mode
PB6.GPIO_Mode=GPIO_MODE_AF_OD
PB6.GPIO_PuPd=GPIO_PULLUP
PB6.GPIO_Speed=GPIO_SPEED_HIGH
PB6.Mode=I2C
PB6.Signal=I2C1_SCL
PB9.GPIOParameters=GPIO_Speed,GPIO_PuPd,GPIO_Mode
PB9.GPIO_Mode=GPIO_MODE_AF_OD
PB9.GPIO_PuPd=GPIO_PULLUP
PB9.GPIO_Speed=GPIO_SPEED_HIGH
PB9.Mode=I2C
PB9.Signal=I2C1_SDA
PCC.Checker=false
PCC.Line=STM32F429/439
PCC.MCU=STM32F429Z(E-G-I)Tx
PCC.MXVersion=4.11.0
PCC.PartNumber=STM32F429ZITx
PCC.Seq0=0
PCC.Series=STM32F4
PCC.Temperature=25
PCC.Vdd=null
ProjectManager.AskForMigrate=true
ProjectManager.BackupPrevious=false
ProjectManager.CompilerOptimize=2
ProjectManager.ComputerToolchain=false
ProjectManager.CoupleFile=false
ProjectManager.DeletePrevious=true
ProjectManager.DeviceId=STM32F429ZITx
ProjectManager.FirmwarePackage=STM32Cube FW_F4 V1.9.0
ProjectManager.FreePins=false
ProjectManager.HalAssertFull=false
ProjectManager.KeepUserCode=true
ProjectManager.LastFirmware=true
ProjectManager.LibraryCopy=0
ProjectManager.ProjectBuild=false
ProjectManager.ProjectFileName=I2C_Master_WWDG.ioc
ProjectManager.ProjectName=I2C_Master_WWDG
ProjectManager.TargetToolchain=MDK-ARM 4.73
ProjectManager.ToolChainLocation=
RCC.48MHZClocksFreq_Value=80000000
RCC.AHBCLKDivider=RCC_SYSCLK_DIV2
RCC.AHBFreq_Value=40000000
RCC.APB1Freq_Value=40000000
RCC.APB1TimFreq_Value=40000000
RCC.APB2Freq_Value=40000000
RCC.APB2TimFreq_Value=40000000
RCC.CortexFreq_Value=40000000
RCC.EthernetFreq_Value=80000000
RCC.FCLKCortexFreq_Value=40000000
RCC.FamilyName=M
RCC.HCLKFreq_Value=40000000
RCC.HSE_VALUE=8000000
RCC.HSI_VALUE=16000000
RCC.I2SClocksFreq_Value=96000000
RCC.IPParameters=FamilyName,LSE_VALUE,PLLP,SYSCLKSource,PLLN,HSE_VALUE,HSI_VALUE,AHBCLKDivider,LSI_VALUE,VCOInputFreq_Value,VCOSAIOutputFreq_Value,VCOSAIOutputFreq_ValueR,VCOSAIOutputFreq_ValueQ,VCOOutputFreq_Value,PLLCLKFreq_Value,SYSCLKFreq_VALUE,AHBFreq_Value,HCLKFreq_Value,CortexFreq_Value,FCLKCortexFreq_Value,APB1Freq_Value,APB1TimFreq_Value,APB2Freq_Value,APB2TimFreq_Value,EthernetFreq_Value,PLLQCLKFreq_Value,48MHZClocksFreq_Value,VCOI2SOutputFreq_Value,VcooutputI2S,I2SClocksFreq_Value,VcooutputI2SQ,RTCFreq_Value,RTCHSEDivFreq_Value,MCO2PinFreq_Value
RCC.LSE_VALUE=32768
RCC.LSI_VALUE=32000
RCC.MCO2PinFreq_Value=80000000
RCC.PLLCLKFreq_Value=80000000
RCC.PLLN=320
RCC.PLLP=RCC_PLLP_DIV4
RCC.PLLQCLKFreq_Value=80000000
RCC.RTCFreq_Value=32000
RCC.RTCHSEDivFreq_Value=4000000
RCC.SYSCLKFreq_VALUE=80000000
RCC.SYSCLKSource=RCC_SYSCLKSOURCE_PLLCLK
RCC.VCOI2SOutputFreq_Value=192000000
RCC.VCOInputFreq_Value=1000000
RCC.VCOOutputFreq_Value=320000000
RCC.VCOSAIOutputFreq_Value=49000000
RCC.VCOSAIOutputFreq_ValueQ=12250000
RCC.VCOSAIOutputFreq_ValueR=24500000
RCC.VcooutputI2S=96000000
RCC.VcooutputI2SQ=96000000
VP_WWDG_VS_WWDG.Mode=WWDG_Activate
VP_WWDG_VS_WWDG.Signal=WWDG_VS_WWDG
WWDG.Counter=127
WWDG.IPParameters=Prescaler,Window,Counter
WWDG.Prescaler=WWDG_PRESCALER_8
WWDG.Window=70
board=I2C_Master_WWDG
