ADC1.AutoInjectedConv-ADC_Injected_ConversionMode=DISABLE
ADC1.Channel=ADC_CHANNEL_12
ADC1.Channel-0\#ChannelRegularConversion=ADC_CHANNEL_11
ADC1.Channel-1\#ChannelRegularConversion=ADC_CHANNEL_12
ADC1.Channel-2\#ChannelRegularConversion=ADC_CHANNEL_13
ADC1.Channel-IN11=ADC_CHANNEL_11
ADC1.Channel-IN12=ADC_CHANNEL_12
ADC1.Channel-IN13=ADC_CHANNEL_13
ADC1.ContinuousConvMode=ENABLE
ADC1.DMAContinuousRequests=ENABLE
ADC1.DiscontinuousConvMode-ADC_Settings=DISABLE
ADC1.ExternalTrigConv=ADC_EXTERNALTRIGCONV_T8_TRGO
ADC1.ExternalTrigConvEdge=ADC_EXTERNALTRIGCONVEDGE_RISING
ADC1.IPParameters=ExternalTrigConv,Channel-1\#ChannelRegularConversion,Mode-ADCs_Common_Settings,InjectedDiscontinuousConvMode-ADC_Injected_ConversionMode,Channel-IN13,NbrOfConversion,AutoInjectedConv-ADC_Injected_ConversionMode,ScanConvMode,Channel,Channel-IN12,DiscontinuousConvMode-ADC_Settings,Channel-0\#ChannelRegularConversion,Rank-1\#ChannelRegularConversion,Rank-2\#ChannelRegularConversion,DMAContinuousRequests,Channel-2\#ChannelRegularConversion,ExternalTrigConvEdge,master,ContinuousConvMode,Channel-IN11,NbrOfConversionFlag,Mode
ADC1.InjectedDiscontinuousConvMode-ADC_Injected_ConversionMode=DISABLE
ADC1.Mode=__NULL
ADC1.Mode-ADCs_Common_Settings=__NULL
ADC1.NbrOfConversion=3
ADC1.NbrOfConversionFlag=1
ADC1.Rank-1\#ChannelRegularConversion=2
ADC1.Rank-2\#ChannelRegularConversion=3
ADC1.ScanConvMode=ENABLE
ADC1.master=1
ADC3.AutoInjectedConv-ADC_Injected_ConversionMode=DISABLE
ADC3.Channel-0\#ChannelRegularConversion=ADC_CHANNEL_7
ADC3.Channel-IN7=ADC_CHANNEL_7
ADC3.ContinuousConvMode=DISABLE
ADC3.IPParameters=Mode-ADCs_Common_Settings,InjectedDiscontinuousConvMode-ADC_Injected_ConversionMode,Channel-IN7,Rank-0\#ChannelRegularConversion,NbrOfConversion,SamplingTime-0\#ChannelRegularConversion,AutoInjectedConv-ADC_Injected_ConversionMode,ScanConvMode,Channel-0\#ChannelRegularConversion,ContinuousConvMode,NbrOfConversionFlag
ADC3.InjectedDiscontinuousConvMode-ADC_Injected_ConversionMode=DISABLE
ADC3.Mode-ADCs_Common_Settings=__NULL
ADC3.NbrOfConversion=1
ADC3.NbrOfConversionFlag=1
ADC3.Rank-0\#ChannelRegularConversion=1
ADC3.SamplingTime-0\#ChannelRegularConversion=ADC_SAMPLETIME_3CYCLES
ADC3.ScanConvMode=DISABLE
Dma.ADC1.0.Channel=DMA_CHANNEL_0
Dma.ADC1.0.Direction=DMA_PERIPH_TO_MEMORY
Dma.ADC1.0.FIFOMode=DMA_FIFOMODE_DISABLE
Dma.ADC1.0.FIFOThreshold=DMA_FIFO_THRESHOLD_HALFFULL
Dma.ADC1.0.Instance=DMA2_Stream0
Dma.ADC1.0.MemBurst=DMA_MBURST_SINGLE
Dma.ADC1.0.MemDataAlignment=DMA_MDATAALIGN_HALFWORD
Dma.ADC1.0.MemInc=DMA_MINC_ENABLE
Dma.ADC1.0.Mode=DMA_CIRCULAR
Dma.ADC1.0.PeriphBurst=DMA_PBURST_SINGLE
Dma.ADC1.0.PeriphDataAlignment=DMA_PDATAALIGN_HALFWORD
Dma.ADC1.0.PeriphInc=DMA_PINC_DISABLE
Dma.ADC1.0.Priority=DMA_PRIORITY_HIGH
Dma.ADC1.0.RequestParameters=Instance,Channel,Direction,PeriphInc,MemInc,PeriphDataAlignment,MemDataAlignment,Mode,Priority,FIFOMode,FIFOThreshold,MemBurst,PeriphBurst
Dma.Request0=ADC1
Dma.RequestsNb=1
File.Version=4
KeepUserPlacement=false
Mcu.Family=STM32F4
Mcu.IP0=ADC1
Mcu.IP1=ADC3
Mcu.IP2=DMA
Mcu.IP3=NVIC
Mcu.IP4=RCC
Mcu.IP5=TIM8
Mcu.IP6=USART3
Mcu.IPNb=7
Mcu.Name=STM32F417I(E-G)Hx
Mcu.Package=UFBGA176
Mcu.Pin0=PB8
Mcu.Pin1=PC11
Mcu.Pin10=PC1
Mcu.Pin11=PC2
Mcu.Pin12=PC3
Mcu.Pin13=PD13
Mcu.Pin14=PD12
Mcu.Pin15=PB0
Mcu.Pin2=PC10
Mcu.Pin3=PI7
Mcu.Pin4=PI6
Mcu.Pin5=PI5
Mcu.Pin6=PH15
Mcu.Pin7=PH13
Mcu.Pin8=PH14
Mcu.Pin9=PF9
Mcu.PinsNb=16
Mcu.UserName=STM32F417IGHx
MxCube.Version=4.5.0
NVIC.EXTI0_IRQn=true\:0\:2
NVIC.PriorityGroup=NVIC_PRIORITYGROUP_0
NVIC.SysTick_IRQn=true\:0\:0
NVIC.USART3_IRQn=true\:0\:1
PB0.Locked=true
PB0.Signal=GPXTI0
PB8.Locked=true
PB8.Signal=GPIO_Input
PC1.Signal=ADCx_IN11
PC10.Mode=Asynchronous
PC10.Signal=USART3_TX
PC11.Mode=Asynchronous
PC11.Signal=USART3_RX
PC2.Signal=ADCx_IN12
PC3.Signal=ADCx_IN13
PCC.Family=STM32F4
PCC.MCU=STM32F417I(E-G)Hx
PCC.MXVersion=4.5.0-A2
PCC.PartNumber=STM32F417IGHx
PCC.Seq0=0
PCC.SubFamily=STM32F407/417
PCC.Temperature=25
PCC.Vdd=3.3
PD12.Locked=true
PD12.Signal=GPIO_Input
PD13.Locked=true
PD13.Signal=GPIO_Input
PF9.Mode=IN7
PF9.Signal=ADC3_IN7
PH13.Mode=PWM Generation1 CH1 CH1N
PH13.Signal=TIM8_CH1N
PH14.Mode=PWM Generation2 CH2 CH2N
PH14.Signal=TIM8_CH2N
PH15.Mode=PWM Generation3 CH3 CH3N
PH15.Signal=TIM8_CH3N
PI5.Signal=S_TIM8_CH1
PI6.Signal=S_TIM8_CH2
PI7.Signal=S_TIM8_CH3
ProjectManager.AskForMigrate=true
ProjectManager.BackupPrevious=false
ProjectManager.CompilerOptimize=2
ProjectManager.ComputerToolchain=false
ProjectManager.CoupleFile=false
ProjectManager.DeletePrevious=true
ProjectManager.DeviceId=STM32F417IGHx
ProjectManager.FirmwarePackage=STM32Cube FW_F4 V1.2.0
ProjectManager.FreePins=false
ProjectManager.HalAssertFull=false
ProjectManager.KeepUserCode=true
ProjectManager.LastFirmware=false
ProjectManager.LibraryCopy=0
ProjectManager.ProjectBuild=false
ProjectManager.ProjectFileName=F407IGH6_Eval_FOC.ioc
ProjectManager.ProjectName=F407IGH6_Eval_FOC
ProjectManager.TargetToolchain=EWARM 6.70
RCC.48MHZClocksFreq_Value=84000000
RCC.AHBFreq_Value=168000000
RCC.APB1CLKDivider=RCC_HCLK_DIV4
RCC.APB1Freq_Value=42000000
RCC.APB1TimFreq_Value=84000000
RCC.APB2CLKDivider=RCC_HCLK_DIV2
RCC.APB2Freq_Value=84000000
RCC.APB2TimFreq_Value=168000000
RCC.CortexFreq_Value=21000000
RCC.EthernetFreq_Value=168000000
RCC.FCLKCortexFreq_Value=168000000
RCC.FLatency-AdvancedSettings=FLASH_LATENCY_5
RCC.FamilyName=M
RCC.HCLKFreq_Value=168000000
RCC.HSE_VALUE=25000000
RCC.HSI_VALUE=16000000
RCC.I2SClocksFreq_Value=96000000
RCC.IPParameters=HCLKFreq_Value,SYSCLKFreq_VALUE,I2SClocksFreq_Value,PLLCLKFreq_Value,FamilyName,RTCHSEDivFreq_Value,APB2CLKDivider,RTCFreq_Value,LSE_VALUE,SYSCLKSource,MCO2PinFreq_Value,CortexFreq_Value,FCLKCortexFreq_Value,APB1CLKDivider,APB2Freq_Value,VCOI2SOutputFreq_Value,PLLN,FLatency-AdvancedSettings,APB2TimFreq_Value,HSE_VALUE,PWR_Regulator_Voltage_Scale-AdvancedSettings,HSI_VALUE,VcooutputI2S,APB1Freq_Value,APB1TimFreq_Value,48MHZClocksFreq_Value,AHBFreq_Value,LSI_VALUE,VCOInputFreq_Value,VCOOutputFreq_Value,EthernetFreq_Value
RCC.LSE_VALUE=32768
RCC.LSI_VALUE=32000
RCC.MCO2PinFreq_Value=168000000
RCC.PLLCLKFreq_Value=168000000
RCC.PLLN=336
RCC.PWR_Regulator_Voltage_Scale-AdvancedSettings=PWR_REGULATOR_VOLTAGE_SCALE1
RCC.RTCFreq_Value=32000
RCC.RTCHSEDivFreq_Value=12500000
RCC.SYSCLKFreq_VALUE=168000000
RCC.SYSCLKSource=RCC_SYSCLKSOURCE_PLLCLK
RCC.VCOI2SOutputFreq_Value=192000000
RCC.VCOInputFreq_Value=1000000
RCC.VCOOutputFreq_Value=336000000
RCC.VcooutputI2S=96000000
SH.ADCx_IN11.0=ADC1_IN11,IN11
SH.ADCx_IN11.ConfNb=1
SH.ADCx_IN12.0=ADC1_IN12,IN12
SH.ADCx_IN12.ConfNb=1
SH.ADCx_IN13.0=ADC1_IN13,IN13
SH.ADCx_IN13.ConfNb=1
SH.GPXTI0.0=GPIO_EXTI0
SH.GPXTI0.ConfNb=1
SH.S_TIM8_CH1.0=TIM8_CH1,PWM Generation1 CH1 CH1N
SH.S_TIM8_CH1.ConfNb=1
SH.S_TIM8_CH2.0=TIM8_CH2,PWM Generation2 CH2 CH2N
SH.S_TIM8_CH2.ConfNb=1
SH.S_TIM8_CH3.0=TIM8_CH3,PWM Generation3 CH3 CH3N
SH.S_TIM8_CH3.ConfNb=1
TIM8.AutomaticOutput=TIM_AUTOMATICOUTPUT_ENABLE
TIM8.Channel-PWM\ Generation2\ CH2\ CH2N=TIM_CHANNEL_2
TIM8.Channel-PWM\ Generation3\ CH3\ CH3N=TIM_CHANNEL_3
TIM8.CounterMode=TIM_COUNTERMODE_CENTERALIGNED2
TIM8.DeadTime=5
TIM8.IPParameters=OffStateIDLEMode,TIM_MasterSlaveMode,OCNPolarity_1-PWM Generation1 CH1 CH1N,Channel-PWM Generation3 CH3 CH3N,DeadTime,OCIdleState_1-PWM Generation1 CH1 CH1N,OffStateRunMode,Channel-PWM Generation2 CH2 CH2N,AutomaticOutput,OCNPolarity_3-PWM Generation3 CH3 CH3N,TIM_MasterOutputTrigger,OCNPolarity_2-PWM Generation2 CH2 CH2N,OCMode_PWM-PWM Generation1 CH1 CH1N,OCPolarity_2-PWM Generation2 CH2 CH2N,OCIdleState_3-PWM Generation3 CH3 CH3N,OCPolarity_3-PWM Generation3 CH3 CH3N,OCIdleState_2-PWM Generation2 CH2 CH2N,OCMode_PWM-PWM Generation3 CH3 CH3N,OCMode_PWM-PWM Generation2 CH2 CH2N,OCPolarity_1-PWM Generation1 CH1 CH1N,CounterMode
TIM8.OCIdleState_1-PWM\ Generation1\ CH1\ CH1N=TIM_OCIDLESTATE_SET
TIM8.OCIdleState_2-PWM\ Generation2\ CH2\ CH2N=TIM_OCIDLESTATE_SET
TIM8.OCIdleState_3-PWM\ Generation3\ CH3\ CH3N=TIM_OCIDLESTATE_SET
TIM8.OCMode_PWM-PWM\ Generation1\ CH1\ CH1N=TIM_OCMODE_PWM2
TIM8.OCMode_PWM-PWM\ Generation2\ CH2\ CH2N=TIM_OCMODE_PWM2
TIM8.OCMode_PWM-PWM\ Generation3\ CH3\ CH3N=TIM_OCMODE_PWM2
TIM8.OCNPolarity_1-PWM\ Generation1\ CH1\ CH1N=TIM_OCNPOLARITY_LOW
TIM8.OCNPolarity_2-PWM\ Generation2\ CH2\ CH2N=TIM_OCNPOLARITY_LOW
TIM8.OCNPolarity_3-PWM\ Generation3\ CH3\ CH3N=TIM_OCNPOLARITY_LOW
TIM8.OCPolarity_1-PWM\ Generation1\ CH1\ CH1N=TIM_OCPOLARITY_LOW
TIM8.OCPolarity_2-PWM\ Generation2\ CH2\ CH2N=TIM_OCPOLARITY_LOW
TIM8.OCPolarity_3-PWM\ Generation3\ CH3\ CH3N=TIM_OCPOLARITY_LOW
TIM8.OffStateIDLEMode=TIM_OSSI_ENABLE
TIM8.OffStateRunMode=TIM_OSSR_ENABLE
TIM8.TIM_MasterOutputTrigger=TIM_TRGO_UPDATE
TIM8.TIM_MasterSlaveMode=TIM_MASTERSLAVEMODE_ENABLE
