#MicroXplorer Configuration settings - do not modify
File.Version=5
KeepUserPlacement=true
Mcu.Family=STM32F4
Mcu.IP0=NVIC
Mcu.IP1=RCC
Mcu.IP2=TIM4
Mcu.IPNb=3
Mcu.Name=STM32F407V(E-G)Tx
Mcu.Package=LQFP100
Mcu.Pin0=PH0-OSC_IN
Mcu.Pin1=PH1-OSC_OUT
Mcu.Pin2=PD8
Mcu.Pin3=PD9
Mcu.Pin4=PD10
Mcu.Pin5=PD11
Mcu.Pin6=PD12
Mcu.Pin7=PD13
Mcu.Pin8=PD14
Mcu.Pin9=PD15
Mcu.PinsNb=10
Mcu.UserConstants=
Mcu.UserName=STM32F407VGTx
MxCube.Version=4.11.0
MxDb.Version=DB.4.0.110
NVIC.PriorityGroup=NVIC_PRIORITYGROUP_0
NVIC.SysTick_IRQn=true\:0\:0\:false
NVIC.TIM4_IRQn=true\:0\:0\:false
PCC.Checker=false
PCC.Line=STM32F407/417
PCC.MCU=STM32F407V(E-G)Tx
PCC.MXVersion=4.11.0
PCC.PartNumber=STM32F407VGTx
PCC.Seq0=0
PCC.Series=STM32F4
PCC.Temperature=25
PCC.Vdd=3.3
PD10.Locked=true
PD10.Signal=GPIO_Output
PD11.Locked=true
PD11.Signal=GPIO_Output
PD12.Signal=S_TIM4_CH1
PD13.Signal=S_TIM4_CH2
PD14.Signal=S_TIM4_CH3
PD15.Signal=S_TIM4_CH4
PD8.Locked=true
PD8.Signal=GPIO_Output
PD9.Locked=true
PD9.Signal=GPIO_Output
PH0-OSC_IN.Mode=HSE-External-Oscillator
PH0-OSC_IN.Signal=RCC_OSC_IN
PH1-OSC_OUT.Mode=HSE-External-Oscillator
PH1-OSC_OUT.Signal=RCC_OSC_OUT
ProjectManager.AskForMigrate=true
ProjectManager.BackupPrevious=false
ProjectManager.CompilerOptimize=2
ProjectManager.ComputerToolchain=false
ProjectManager.CoupleFile=false
ProjectManager.DeletePrevious=true
ProjectManager.DeviceId=STM32F407VGTx
ProjectManager.FirmwarePackage=STM32Cube FW_F4 V1.9.0
ProjectManager.FreePins=false
ProjectManager.HalAssertFull=false
ProjectManager.KeepUserCode=true
ProjectManager.LastFirmware=true
ProjectManager.LibraryCopy=0
ProjectManager.ProjectBuild=false
ProjectManager.ProjectFileName=Tim4_OC.ioc
ProjectManager.ProjectName=Tim4_OC
ProjectManager.TargetToolchain=MDK-ARM 4.73
ProjectManager.ToolChainLocation=
RCC.48MHZClocksFreq_Value=42000000
RCC.AHBFreq_Value=84000000
RCC.APB1CLKDivider=RCC_HCLK_DIV2
RCC.APB1Freq_Value=42000000
RCC.APB1TimFreq_Value=84000000
RCC.APB2CLKDivider=RCC_HCLK_DIV2
RCC.APB2Freq_Value=42000000
RCC.APB2TimFreq_Value=84000000
RCC.CortexFreq_Value=84000000
RCC.EthernetFreq_Value=84000000
RCC.FCLKCortexFreq_Value=84000000
RCC.FamilyName=M
RCC.HCLKFreq_Value=84000000
RCC.HSE_VALUE=8000000
RCC.HSI_VALUE=16000000
RCC.I2SClocksFreq_Value=192000000
RCC.IPParameters=HCLKFreq_Value,SYSCLKFreq_VALUE,I2SClocksFreq_Value,FamilyName,PLLCLKFreq_Value,APB2CLKDivider,RTCHSEDivFreq_Value,LSE_VALUE,RTCFreq_Value,SYSCLKSource,MCO2PinFreq_Value,CortexFreq_Value,APB1CLKDivider,FCLKCortexFreq_Value,APB2Freq_Value,VCOI2SOutputFreq_Value,APB2TimFreq_Value,HSE_VALUE,HSI_VALUE,PLLSourceVirtual,VcooutputI2S,APB1Freq_Value,APB1TimFreq_Value,48MHZClocksFreq_Value,LSI_VALUE,AHBFreq_Value,VCOInputFreq_Value,VCOOutputFreq_Value,EthernetFreq_Value,PLLQCLKFreq_Value,PLLM,PLLN
RCC.LSE_VALUE=32768
RCC.LSI_VALUE=32000
RCC.MCO2PinFreq_Value=84000000
RCC.PLLCLKFreq_Value=84000000
RCC.PLLM=4
RCC.PLLN=84
RCC.PLLQCLKFreq_Value=42000000
RCC.PLLSourceVirtual=RCC_PLLSOURCE_HSE
RCC.RTCFreq_Value=32000
RCC.RTCHSEDivFreq_Value=4000000
RCC.SYSCLKFreq_VALUE=84000000
RCC.SYSCLKSource=RCC_SYSCLKSOURCE_PLLCLK
RCC.VCOI2SOutputFreq_Value=384000000
RCC.VCOInputFreq_Value=2000000
RCC.VCOOutputFreq_Value=168000000
RCC.VcooutputI2S=192000000
SH.S_TIM4_CH1.0=TIM4_CH1,Output Compare1 CH1
SH.S_TIM4_CH1.ConfNb=1
SH.S_TIM4_CH2.0=TIM4_CH2,Output Compare2 CH2
SH.S_TIM4_CH2.ConfNb=1
SH.S_TIM4_CH3.0=TIM4_CH3,Output Compare3 CH3
SH.S_TIM4_CH3.ConfNb=1
SH.S_TIM4_CH4.0=TIM4_CH4,Output Compare4 CH4
SH.S_TIM4_CH4.ConfNb=1
TIM4.Channel-Output\ Compare2\ CH2=TIM_CHANNEL_2
TIM4.Channel-Output\ Compare3\ CH3=TIM_CHANNEL_3
TIM4.Channel-Output\ Compare4\ CH4=TIM_CHANNEL_4
TIM4.IPParameters=Channel-Output Compare2 CH2,Channel-Output Compare4 CH4,Pulse-Output Compare3 CH3,OCMode_1-Output Compare1 CH1,Pulse-Output Compare2 CH2,Channel-Output Compare3 CH3,OCMode_3-Output Compare3 CH3,OCMode_4-Output Compare4 CH4,OCMode_2-Output Compare2 CH2,Pulse-Output Compare1 CH1,Pulse-Output Compare4 CH4
TIM4.OCMode_1-Output\ Compare1\ CH1=TIM_OCMODE_TOGGLE
TIM4.OCMode_2-Output\ Compare2\ CH2=TIM_OCMODE_TOGGLE
TIM4.OCMode_3-Output\ Compare3\ CH3=TIM_OCMODE_TOGGLE
TIM4.OCMode_4-Output\ Compare4\ CH4=TIM_OCMODE_TOGGLE
TIM4.Pulse-Output\ Compare1\ CH1=100
TIM4.Pulse-Output\ Compare2\ CH2=200
TIM4.Pulse-Output\ Compare3\ CH3=300
TIM4.Pulse-Output\ Compare4\ CH4=400
board=Tim4_OC
