#MicroXplorer Configuration settings - do not modify
File.Version=5
KeepUserPlacement=false
Mcu.Family=STM32F4
Mcu.IP0=NVIC
Mcu.IP1=RCC
Mcu.IPNb=2
Mcu.Name=STM32F407V(E-G)Tx
Mcu.Package=LQFP100
Mcu.Pin0=PA0-WKUP
Mcu.Pin1=PA1
Mcu.Pin2=PA2
Mcu.Pin3=PA3
Mcu.Pin4=PD12
Mcu.Pin5=PD13
Mcu.Pin6=PD14
Mcu.Pin7=PD15
Mcu.PinsNb=8
Mcu.UserConstants=
Mcu.UserName=STM32F407VGTx
MxCube.Version=4.11.0
MxDb.Version=DB.4.0.110
NVIC.EXTI0_IRQn=true\:0\:0\:false
NVIC.EXTI1_IRQn=true\:0\:0\:false
NVIC.EXTI2_IRQn=true\:0\:0\:false
NVIC.EXTI3_IRQn=true\:0\:0\:false
NVIC.PriorityGroup=NVIC_PRIORITYGROUP_0
NVIC.SysTick_IRQn=true\:0\:0\:false
PA0-WKUP.GPIOParameters=GPIO_ModeDefaultEXTI,GPIO_PuPd
PA0-WKUP.GPIO_ModeDefaultEXTI=GPIO_MODE_IT_RISING
PA0-WKUP.GPIO_PuPd=GPIO_NOPULL
PA0-WKUP.Signal=GPXTI0
PA1.GPIOParameters=GPIO_ModeDefaultEXTI,GPIO_PuPd
PA1.GPIO_ModeDefaultEXTI=GPIO_MODE_IT_RISING
PA1.GPIO_PuPd=GPIO_NOPULL
PA1.Signal=GPXTI1
PA2.GPIOParameters=GPIO_ModeDefaultEXTI,GPIO_PuPd
PA2.GPIO_ModeDefaultEXTI=GPIO_MODE_IT_RISING
PA2.GPIO_PuPd=GPIO_NOPULL
PA2.Signal=GPXTI2
PA3.GPIOParameters=GPIO_ModeDefaultEXTI,GPIO_PuPd
PA3.GPIO_ModeDefaultEXTI=GPIO_MODE_IT_RISING
PA3.GPIO_PuPd=GPIO_NOPULL
PA3.Signal=GPXTI3
PCC.Checker=false
PCC.Line=STM32F407/417
PCC.MCU=STM32F407V(E-G)Tx
PCC.MXVersion=4.11.0
PCC.PartNumber=STM32F407VGTx
PCC.Seq0=0
PCC.Series=STM32F4
PCC.Temperature=25
PCC.Vdd=3.3
PD12.GPIOParameters=GPIO_Speed,GPIO_PuPd,GPIO_Mode
PD12.GPIO_Mode=GPIO_MODE_OUTPUT_PP
PD12.GPIO_PuPd=GPIO_NOPULL
PD12.GPIO_Speed=GPIO_SPEED_LOW
PD12.Signal=GPIO_Output
PD13.GPIOParameters=GPIO_Speed,GPIO_PuPd,GPIO_Mode
PD13.GPIO_Mode=GPIO_MODE_OUTPUT_PP
PD13.GPIO_PuPd=GPIO_NOPULL
PD13.GPIO_Speed=GPIO_SPEED_LOW
PD13.Signal=GPIO_Output
PD14.GPIOParameters=GPIO_Speed,GPIO_PuPd,GPIO_Mode
PD14.GPIO_Mode=GPIO_MODE_OUTPUT_PP
PD14.GPIO_PuPd=GPIO_NOPULL
PD14.GPIO_Speed=GPIO_SPEED_LOW
PD14.Signal=GPIO_Output
PD15.GPIOParameters=GPIO_Speed,GPIO_PuPd,GPIO_Mode
PD15.GPIO_Mode=GPIO_MODE_OUTPUT_PP
PD15.GPIO_PuPd=GPIO_NOPULL
PD15.GPIO_Speed=GPIO_SPEED_LOW
PD15.Signal=GPIO_Output
ProjectManager.AskForMigrate=true
ProjectManager.BackupPrevious=false
ProjectManager.CompilerOptimize=2
ProjectManager.ComputerToolchain=false
ProjectManager.CoupleFile=false
ProjectManager.DeletePrevious=true
ProjectManager.DeviceId=STM32F407VGTx
ProjectManager.FirmwarePackage=STM32Cube FW_F4 V1.9.0
ProjectManager.FreePins=false
ProjectManager.HalAssertFull=false
ProjectManager.KeepUserCode=true
ProjectManager.LastFirmware=true
ProjectManager.LibraryCopy=0
ProjectManager.ProjectBuild=false
ProjectManager.ProjectFileName=F4VGTx_4Exti.ioc
ProjectManager.ProjectName=F4VGTx_4Exti
ProjectManager.TargetToolchain=MDK-ARM 4.73
ProjectManager.ToolChainLocation=
RCC.AHBFreq_Value=16000000
RCC.APB1Freq_Value=16000000
RCC.APB2Freq_Value=16000000
RCC.CortexFreq_Value=16000000
RCC.FamilyName=M
RCC.HSE_VALUE=25000000
RCC.HSI_VALUE=16000000
RCC.I2SClocksFreq_Value=96000000
RCC.IPParameters=LSI_VALUE,HSI_VALUE,HSE_VALUE,LSE_VALUE,FamilyName,RTCHSEDivFreq_Value,RTCFreq_Value,SYSCLKFreq_VALUE,AHBFreq_Value,CortexFreq_Value,APB1Freq_Value,APB2Freq_Value,VCOInputFreq_Value,VCOOutputFreq_Value,PLLCLKFreq_Value,PLLQCLKFreq_Value,VCOI2SOutputFreq_Value,VcooutputI2S,I2SClocksFreq_Value
RCC.LSE_VALUE=32768
RCC.LSI_VALUE=32000
RCC.PLLCLKFreq_Value=96000000
RCC.PLLQCLKFreq_Value=48000000
RCC.RTCFreq_Value=32000
RCC.RTCHSEDivFreq_Value=12500000
RCC.SYSCLKFreq_VALUE=16000000
RCC.VCOI2SOutputFreq_Value=192000000
RCC.VCOInputFreq_Value=1000000
RCC.VCOOutputFreq_Value=192000000
RCC.VcooutputI2S=96000000
SH.GPXTI0.0=GPIO_EXTI0
SH.GPXTI0.ConfNb=1
SH.GPXTI1.0=GPIO_EXTI1
SH.GPXTI1.ConfNb=1
SH.GPXTI2.0=GPIO_EXTI2
SH.GPXTI2.ConfNb=1
SH.GPXTI3.0=GPIO_EXTI3
SH.GPXTI3.ConfNb=1
board=F4VGTx_4Exti
