#MicroXplorer Configuration settings - do not modify
ADC1.Channel-5\#ChannelRegularConversion=ADC_CHANNEL_0
ADC1.Channel-6\#ChannelRegularConversion=ADC_CHANNEL_1
ADC1.ContinuousConvMode=ENABLE
ADC1.DMAContinuousRequests=ENABLE
ADC1.EOCSelection=EOC_SEQ_CONV
ADC1.IPParameters=SamplingTime-5\#ChannelRegularConversion,NbrOfConversion,ScanConvMode,Channel-6\#ChannelRegularConversion,SamplingTime-6\#ChannelRegularConversion,Rank-5\#ChannelRegularConversion,DMAContinuousRequests,Rank-6\#ChannelRegularConversion,EOCSelection,ContinuousConvMode,Channel-5\#ChannelRegularConversion,master
ADC1.NbrOfConversion=2
ADC1.Rank-5\#ChannelRegularConversion=1
ADC1.Rank-6\#ChannelRegularConversion=2
ADC1.SamplingTime-5\#ChannelRegularConversion=ADC_SAMPLETIME_3CYCLES
ADC1.SamplingTime-6\#ChannelRegularConversion=ADC_SAMPLETIME_3CYCLES
ADC1.ScanConvMode=ENABLE
ADC1.master=1
Dma.ADC1.0.Channel=DMA_CHANNEL_0
Dma.ADC1.0.Direction=DMA_PERIPH_TO_MEMORY
Dma.ADC1.0.FIFOMode=DMA_FIFOMODE_ENABLE
Dma.ADC1.0.FIFOThreshold=DMA_FIFO_THRESHOLD_FULL
Dma.ADC1.0.Instance=DMA2_Stream0
Dma.ADC1.0.MemBurst=DMA_MBURST_SINGLE
Dma.ADC1.0.MemDataAlignment=DMA_MDATAALIGN_HALFWORD
Dma.ADC1.0.MemInc=DMA_MINC_ENABLE
Dma.ADC1.0.Mode=DMA_CIRCULAR
Dma.ADC1.0.PeriphBurst=DMA_PBURST_SINGLE
Dma.ADC1.0.PeriphDataAlignment=DMA_PDATAALIGN_HALFWORD
Dma.ADC1.0.PeriphInc=DMA_PINC_DISABLE
Dma.ADC1.0.Priority=DMA_PRIORITY_LOW
Dma.ADC1.0.RequestParameters=Instance,Channel,Direction,PeriphInc,MemInc,PeriphDataAlignment,MemDataAlignment,Mode,Priority,FIFOMode,FIFOThreshold,MemBurst,PeriphBurst
Dma.Request0=ADC1
Dma.RequestsNb=1
File.Version=5
KeepUserPlacement=false
Mcu.Family=STM32F4
Mcu.IP0=ADC1
Mcu.IP1=DMA
Mcu.IP2=NVIC
Mcu.IP3=RCC
Mcu.IP4=USART3
Mcu.IPNb=5
Mcu.Name=STM32F407V(E-G)Tx
Mcu.Package=LQFP100
Mcu.Pin0=PA0-WKUP
Mcu.Pin1=PA1
Mcu.Pin2=PD8
Mcu.Pin3=PD9
Mcu.PinsNb=4
Mcu.UserConstants=
Mcu.UserName=STM32F407VGTx
MxCube.Version=4.11.0
MxDb.Version=DB.4.0.110
NVIC.DMA2_Stream0_IRQn=true\:0\:0\:false
NVIC.PriorityGroup=NVIC_PRIORITYGROUP_0
NVIC.SysTick_IRQn=true\:0\:1\:false
NVIC.USART3_IRQn=true\:0\:0\:false
PA0-WKUP.Signal=ADCx_IN0
PA1.Signal=ADCx_IN1
PCC.Checker=false
PCC.Line=STM32F407/417
PCC.MCU=STM32F407V(E-G)Tx
PCC.MXVersion=4.11.0
PCC.PartNumber=STM32F407VGTx
PCC.Seq0=0
PCC.Series=STM32F4
PCC.Temperature=25
PCC.Vdd=3.3
PD8.Mode=Asynchronous
PD8.Signal=USART3_TX
PD9.Mode=Asynchronous
PD9.Signal=USART3_RX
ProjectManager.AskForMigrate=true
ProjectManager.BackupPrevious=false
ProjectManager.CompilerOptimize=2
ProjectManager.ComputerToolchain=false
ProjectManager.CoupleFile=false
ProjectManager.DeletePrevious=true
ProjectManager.DeviceId=STM32F407VGTx
ProjectManager.FirmwarePackage=STM32Cube FW_F4 V1.9.0
ProjectManager.FreePins=false
ProjectManager.HalAssertFull=false
ProjectManager.KeepUserCode=true
ProjectManager.LastFirmware=true
ProjectManager.LibraryCopy=0
ProjectManager.ProjectBuild=false
ProjectManager.ProjectFileName=F4VGTx_ADC1_2ch_DMA.ioc
ProjectManager.ProjectName=F4VGTx_ADC1_2ch_DMA
ProjectManager.TargetToolchain=EWARM
ProjectManager.ToolChainLocation=
RCC.48MHZClocksFreq_Value=32000000
RCC.AHBCLKDivider=RCC_SYSCLK_DIV4
RCC.AHBFreq_Value=16000000
RCC.APB1CLKDivider=RCC_HCLK_DIV4
RCC.APB1Freq_Value=4000000
RCC.APB1TimFreq_Value=8000000
RCC.APB2CLKDivider=RCC_HCLK_DIV2
RCC.APB2Freq_Value=8000000
RCC.APB2TimFreq_Value=16000000
RCC.CortexFreq_Value=16000000
RCC.EthernetFreq_Value=64000000
RCC.FCLKCortexFreq_Value=16000000
RCC.FamilyName=M
RCC.HCLKFreq_Value=16000000
RCC.HSE_VALUE=25000000
RCC.HSI_VALUE=16000000
RCC.I2SClocksFreq_Value=192000000
RCC.IPParameters=FamilyName,APB2CLKDivider,LSE_VALUE,SYSCLKSource,APB1CLKDivider,HSE_VALUE,HSI_VALUE,LSI_VALUE,RTCHSEDivFreq_Value,RTCFreq_Value,VCOInputFreq_Value,VCOOutputFreq_Value,PLLCLKFreq_Value,PLLQCLKFreq_Value,48MHZClocksFreq_Value,VCOI2SOutputFreq_Value,VcooutputI2S,I2SClocksFreq_Value,SYSCLKFreq_VALUE,AHBFreq_Value,HCLKFreq_Value,CortexFreq_Value,FCLKCortexFreq_Value,APB1Freq_Value,APB1TimFreq_Value,APB2Freq_Value,APB2TimFreq_Value,EthernetFreq_Value,MCO2PinFreq_Value,PLLM,PLLN,AHBCLKDivider
RCC.LSE_VALUE=32768
RCC.LSI_VALUE=32000
RCC.MCO2PinFreq_Value=64000000
RCC.PLLCLKFreq_Value=64000000
RCC.PLLM=8
RCC.PLLN=64
RCC.PLLQCLKFreq_Value=32000000
RCC.RTCFreq_Value=32000
RCC.RTCHSEDivFreq_Value=12500000
RCC.SYSCLKFreq_VALUE=64000000
RCC.SYSCLKSource=RCC_SYSCLKSOURCE_PLLCLK
RCC.VCOI2SOutputFreq_Value=384000000
RCC.VCOInputFreq_Value=2000000
RCC.VCOOutputFreq_Value=128000000
RCC.VcooutputI2S=192000000
SH.ADCx_IN0.0=ADC1_IN0,IN0
SH.ADCx_IN0.ConfNb=1
SH.ADCx_IN1.0=ADC1_IN1,IN1
SH.ADCx_IN1.ConfNb=1
board=F4VGTx_ADC1_2ch_DMA
